
Microsoft Visual Studio Solution File, Format Version 12.00
# Visual Studio Version 17
VisualStudioVersion = 17.6.33829.357
MinimumVisualStudioVersion = 10.0.40219.1
Project("{9A19103F-16F7-4668-BE54-9A1E7A4F7556}") = "QBWebApp", "QBWebApp\QBWebApp.csproj", "{F93E1E1C-CA91-4CF5-9F50-59C1F785FC6E}"
EndProject
Project("{00D1A9C2-B5F0-4AF3-8072-F6C62B433612}") = "QBdb", "QBdb\QBdb.sqlproj", "{1A19D212-0032-4420-8B6F-14D32EE949BB}"
EndProject
Project("{9A19103F-16F7-4668-BE54-9A1E7A4F7556}") = "QBLib", "QBLib\QBLib.csproj", "{F87F97E1-6E1B-49DA-A6D2-B9086A49C464}"
EndProject
Global
	GlobalSection(SolutionConfigurationPlatforms) = preSolution
		Debug|Any CPU = Debug|Any CPU
		Release|Any CPU = Release|Any CPU
	EndGlobalSection
	GlobalSection(ProjectConfigurationPlatforms) = postSolution
		{F93E1E1C-CA91-4CF5-9F50-59C1F785FC6E}.Debug|Any CPU.ActiveCfg = Debug|Any CPU
		{F93E1E1C-CA91-4CF5-9F50-59C1F785FC6E}.Debug|Any CPU.Build.0 = Debug|Any CPU
		{F93E1E1C-CA91-4CF5-9F50-59C1F785FC6E}.Release|Any CPU.ActiveCfg = Release|Any CPU
		{F93E1E1C-CA91-4CF5-9F50-59C1F785FC6E}.Release|Any CPU.Build.0 = Release|Any CPU
		{1A19D212-0032-4420-8B6F-14D32EE949BB}.Debug|Any CPU.ActiveCfg = Debug|Any CPU
		{1A19D212-0032-4420-8B6F-14D32EE949BB}.Debug|Any CPU.Build.0 = Debug|Any CPU
		{1A19D212-0032-4420-8B6F-14D32EE949BB}.Debug|Any CPU.Deploy.0 = Debug|Any CPU
		{1A19D212-0032-4420-8B6F-14D32EE949BB}.Release|Any CPU.ActiveCfg = Release|Any CPU
		{1A19D212-0032-4420-8B6F-14D32EE949BB}.Release|Any CPU.Build.0 = Release|Any CPU
		{1A19D212-0032-4420-8B6F-14D32EE949BB}.Release|Any CPU.Deploy.0 = Release|Any CPU
		{F87F97E1-6E1B-49DA-A6D2-B9086A49C464}.Debug|Any CPU.ActiveCfg = Debug|Any CPU
		{F87F97E1-6E1B-49DA-A6D2-B9086A49C464}.Debug|Any CPU.Build.0 = Debug|Any CPU
		{F87F97E1-6E1B-49DA-A6D2-B9086A49C464}.Release|Any CPU.ActiveCfg = Release|Any CPU
		{F87F97E1-6E1B-49DA-A6D2-B9086A49C464}.Release|Any CPU.Build.0 = Release|Any CPU
	EndGlobalSection
	GlobalSection(SolutionProperties) = preSolution
		HideSolutionNode = FALSE
	EndGlobalSection
	GlobalSection(ExtensibilityGlobals) = postSolution
		SolutionGuid = {F5E7A018-FD2E-4D9C-B494-0D67D2EC73D2}
	EndGlobalSection
EndGlobal
